{
    "_meta": {
        "hash": {
            "sha256": "9da20d733877b57d592cf0d8ae94befc08751bb3d7e735306c5e6effbfbf0009"
        },
        "pipfile-spec": 6,
        "requires": {
            "python_version": "3.8"
        },
        "sources": [
            {
                "name": "pypi",
                "url": "https://pypi.org/simple",
                "verify_ssl": true
            }
        ]
    },
    "default": {
        "click": {
            "hashes": [
                "sha256:8c04c11192119b1ef78ea049e0a6f0463e4c48ef00a30160c704337586f3ad7a",
                "sha256:fba402a4a47334742d782209a7c79bc448911afe1149d07bdabdf480b3e2f4b6"
            ],
            "markers": "python_version >= '3.6'",
            "version": "==8.0.1"
        },
        "common-cmplr-lib-rt": {
            "hashes": [
                "sha256:0cc49b5e72648eeb997b729eaae87602cecd3d1158cb1be9b746a2425300c612",
                "sha256:4bcb20e6ab512969008335008e8b06e6938f596062dffa289e4836303141b994",
                "sha256:72881ffc400eed51616411e530e6bf92b5f9b32586da42b792f56a6181b672f9",
                "sha256:dd1a9b43332f472e27876ba9bc57082e993f7bbb5f213f5da68a77e77c2bcfe5"
            ],
            "version": "==2021.2.0"
        },
        "common-cmplr-lic-rt": {
            "hashes": [
                "sha256:0bd873660d4fa12bcd3339537746c92547e1db77a6f634c8480bf94246f13fcc",
                "sha256:7078fa36ae24f92942f2f65e19e842f25ff9465ee6ffb692f0bb8974bd808a92",
                "sha256:71d9f028c4c692dbf98e88490bf0fda59398cee87b2f78b3b52b7795735d3721",
                "sha256:b684676bbc24427e9b4c82cf134990b3da00e755d5d9d6e834c9296289421ce1",
                "sha256:dbf17a3106b963f886bb35fae00f33af8277ec814bcb9b89032d43e09c249cdf"
            ],
            "version": "==2021.2.0"
        },
        "daal": {
            "hashes": [
                "sha256:2512e3265c8e6690f2325e82784cc80e46fae5ccdc9720b4c9de0a36e136a5f5",
                "sha256:d1bfc1c4b1b385351097bd8f4ff04a3016115af2b681e3f1c4e9098046200b4d",
                "sha256:e9c370552730d4f930a08de339977b9aab0710937828ff36e2d8e83cf9cce2d6"
            ],
            "version": "==2021.2.2"
        },
        "daal4py": {
            "hashes": [
                "sha256:13c9bdd250ed107583a44ea3c25a71e96510738b3113821bda7b82c788fdd024",
                "sha256:328e88e69f8a8493536c3480ab97db321a3fcaabf2d944492c8937b70108ff55",
                "sha256:58307a015818317ff700e117a9c0e531ce1cbbbdf8eade50cc51d8e0265fcb84",
                "sha256:7c1f4efc4b83e546af0a6bf1757eed677b8fce31a906b83b6aeecb868be1ade2",
                "sha256:7d0c8d0d725373ad4abb53dc07c50b910cbbd32ca590bf68f5f01307b0aa7ff1",
                "sha256:94cabfa7524f66ba8851bc9529c1269647476854d44b85211fa4288469fa9302",
                "sha256:ad43e07d9f1dcdcd1409c6bf8b928286ac65ea4ca1f6c49bbd23a1c366dc14e0",
                "sha256:c860f1058a31148f27a5019e2efaef8cdf27a3445c8de92c35767b940a7ce170",
                "sha256:fa81bdd7ff45d14bb866a9f2bab7609b641bd3671fb573b072b4a3da6ad8a4d5"
            ],
            "index": "pypi",
            "version": "==2021.2.2"
        },
        "datatable": {
            "hashes": [
                "sha256:033df70cfcf72a857ad5b336a171fd5d64ff2f98a027ed3e24c72b5ce30c377d",
                "sha256:03a9bf116b944e50955d5bb4f6970ac381a2700f344049e0b46751783d374af9",
                "sha256:35a2ea9182a937ee75299f230570c8e6d924ffb83648d76e61648bb03d90b47c",
                "sha256:3c3a7d3bee3c463a36fe77c5d4747278a741c23fc6c6e2dba110deec200502ba",
                "sha256:40520b5b913b7e7d6d97a1c0470f0713c151d8855841b527322d6ff507ae53c7",
                "sha256:4d4899e1f6e156cdd801623fda077637a5fd60333959de5e6e10b950a8a68958",
                "sha256:4d5d68559766ab24b753bb03bccf3c21317b4d451788f668eaf3681fe438116f",
                "sha256:503e57ab453d6a320e46420a459db90acd7c3dbbe7b8a287272f5c84c1eb025f",
                "sha256:5e9878a276653f553f5f3f8106084c309f202af33adff6942f09c4da8a3fc920",
                "sha256:68961e1fa8a3171145ff27d62d4bff94b799c88edb0a93b0684f9464f019516d",
                "sha256:6e0e27478b8b671b293587c13297217f04bfafeefbf482926f55db4c344d5ce5",
                "sha256:ca0e55b67ff9af44670d56dc80e7d2c454d16c7432021957cccdb0ff5d3ec2b1",
                "sha256:d2cf34ea23a2c1b263c9b3b6ae7e731f20b0ac0df09e5bab2df7f8eaa12a1630",
                "sha256:d584baa05273599dc70b4d60a804fcbc7cf63fa52450a87a5e2d1bee76e71b6d",
                "sha256:d7bc17db013d01e19c71b8cb814bd6e00308b33905d40ad338bad02c3ea3e51b",
                "sha256:f19c0acf2a9119a9e1938fcce55a4f855f7c804ed149629933ce873eb80325af",
                "sha256:f9c989da48aa9159649c7e2fa6682f3fdd623b9f168132981868a7d7395debd9"
            ],
            "index": "pypi",
            "version": "==0.11.1"
        },
        "dpcpp-cpp-rt": {
            "hashes": [
                "sha256:1e0e7109d8e77eee8f0cca7f68cb1c88fa10a3949b45337522774bfc0014b50c",
                "sha256:1f47df5dffe9dbc8806d95ef1bfce07ec1b2ddd45aabfa3b891b53def65aec1c",
                "sha256:cbe7b0a3c3f369cc6fcbf513693dab00cc2dbcfa08c0306e15de50d24e1a7ed6"
            ],
            "version": "==2021.2.0"
        },
        "flask": {
            "hashes": [
                "sha256:168e8507792cb8a3aa06afbe5d4d431d3e07c6318bc3893ceecb81aff09f848d",
                "sha256:1833a4b36ace08dfa1510d86f1bb6fc595d990ec1b838e03ac8dd80ac0705954"
            ],
            "index": "pypi",
            "version": "==2.0.0"
        },
        "intel-openmp": {
            "hashes": [
                "sha256:2c40b766bbcf346d298c54b92733c75a70b5f4f3b63461fa92753e49f14e4ac0",
                "sha256:39467008e822d6c2a7b183f443acb6521098ebee6bb084f3f97fec338b40fa4c",
                "sha256:b75f4fca394ed46c284db272beecb35417851e5af127811bea8ca291298fc344",
                "sha256:b8222fb20139be6e45899d1e6dd08fb9dde5b968911db0bd8b3b80c99bf29f67",
                "sha256:f4d17533c29c823d1011890aea316713ac9faaf9df769848d9737db63f55486f"
            ],
            "version": "==2021.2.0"
        },
        "itsdangerous": {
            "hashes": [
                "sha256:5174094b9637652bdb841a3029700391451bd092ba3db90600dea710ba28e97c",
                "sha256:9e724d68fc22902a1435351f84c3fb8623f303fffcc566a4cb952df8c572cff0"
            ],
            "markers": "python_version >= '3.6'",
            "version": "==2.0.1"
        },
        "jinja2": {
            "hashes": [
                "sha256:1f06f2da51e7b56b8f238affdd6b4e2c61e39598a378cc49345bc1bd42a978a4",
                "sha256:703f484b47a6af502e743c9122595cc812b0271f661722403114f71a79d0f5a4"
            ],
            "markers": "python_version >= '3.6'",
            "version": "==3.0.1"
        },
        "joblib": {
            "hashes": [
                "sha256:9c17567692206d2f3fb9ecf5e991084254fe631665c450b443761c4186a613f7",
                "sha256:feeb1ec69c4d45129954f1b7034954241eedfd6ba39b5e9e4b6883be3332d5e5"
            ],
            "markers": "python_version >= '3.6'",
            "version": "==1.0.1"
        },
        "lightgbm": {
            "hashes": [
                "sha256:0999f69e420281fc450d5ee4559ce0595931750aa377ff1c0228150505ea2bf8",
                "sha256:79719706046faf708d9436cd989e9c61696ceb1c5fbaf1257ae9c2fa7bcff686",
                "sha256:95b0f1c8fec232be2995502151f8a168e30e7fd9a8e89d835ca5919820cd9033",
                "sha256:b4c158f3026cdf5087a047945686a38b6a1e0f761627907fd959cb7afc2743b3",
                "sha256:bd98e3b501b4c24dc127f4ad93e467f42923fe3eefa99e143b5b93158f024395"
            ],
            "index": "pypi",
            "version": "==3.2.1"
        },
        "markupsafe": {
            "hashes": [
                "sha256:01a9b8ea66f1658938f65b93a85ebe8bc016e6769611be228d797c9d998dd298",
                "sha256:023cb26ec21ece8dc3907c0e8320058b2e0cb3c55cf9564da612bc325bed5e64",
                "sha256:0446679737af14f45767963a1a9ef7620189912317d095f2d9ffa183a4d25d2b",
                "sha256:0717a7390a68be14b8c793ba258e075c6f4ca819f15edfc2a3a027c823718567",
                "sha256:0955295dd5eec6cb6cc2fe1698f4c6d84af2e92de33fbcac4111913cd100a6ff",
                "sha256:10f82115e21dc0dfec9ab5c0223652f7197feb168c940f3ef61563fc2d6beb74",
                "sha256:1d609f577dc6e1aa17d746f8bd3c31aa4d258f4070d61b2aa5c4166c1539de35",
                "sha256:2ef54abee730b502252bcdf31b10dacb0a416229b72c18b19e24a4509f273d26",
                "sha256:3c112550557578c26af18a1ccc9e090bfe03832ae994343cfdacd287db6a6ae7",
                "sha256:47ab1e7b91c098ab893b828deafa1203de86d0bc6ab587b160f78fe6c4011f75",
                "sha256:49e3ceeabbfb9d66c3aef5af3a60cc43b85c33df25ce03d0031a608b0a8b2e3f",
                "sha256:4efca8f86c54b22348a5467704e3fec767b2db12fc39c6d963168ab1d3fc9135",
                "sha256:53edb4da6925ad13c07b6d26c2a852bd81e364f95301c66e930ab2aef5b5ddd8",
                "sha256:594c67807fb16238b30c44bdf74f36c02cdf22d1c8cda91ef8a0ed8dabf5620a",
                "sha256:611d1ad9a4288cf3e3c16014564df047fe08410e628f89805e475368bd304914",
                "sha256:6557b31b5e2c9ddf0de32a691f2312a32f77cd7681d8af66c2692efdbef84c18",
                "sha256:693ce3f9e70a6cf7d2fb9e6c9d8b204b6b39897a2c4a1aa65728d5ac97dcc1d8",
                "sha256:6a7fae0dd14cf60ad5ff42baa2e95727c3d81ded453457771d02b7d2b3f9c0c2",
                "sha256:6c4ca60fa24e85fe25b912b01e62cb969d69a23a5d5867682dd3e80b5b02581d",
                "sha256:7d91275b0245b1da4d4cfa07e0faedd5b0812efc15b702576d103293e252af1b",
                "sha256:905fec760bd2fa1388bb5b489ee8ee5f7291d692638ea5f67982d968366bef9f",
                "sha256:97383d78eb34da7e1fa37dd273c20ad4320929af65d156e35a5e2d89566d9dfb",
                "sha256:984d76483eb32f1bcb536dc27e4ad56bba4baa70be32fa87152832cdd9db0833",
                "sha256:a30e67a65b53ea0a5e62fe23682cfe22712e01f453b95233b25502f7c61cb415",
                "sha256:ab3ef638ace319fa26553db0624c4699e31a28bb2a835c5faca8f8acf6a5a902",
                "sha256:b2f4bf27480f5e5e8ce285a8c8fd176c0b03e93dcc6646477d4630e83440c6a9",
                "sha256:b7f2d075102dc8c794cbde1947378051c4e5180d52d276987b8d28a3bd58c17d",
                "sha256:be98f628055368795d818ebf93da628541e10b75b41c559fdf36d104c5787066",
                "sha256:d7f9850398e85aba693bb640262d3611788b1f29a79f0c93c565694658f4071f",
                "sha256:f5653a225f31e113b152e56f154ccbe59eeb1c7487b39b9d9f9cdb58e6c79dc5",
                "sha256:f826e31d18b516f653fe296d967d700fddad5901ae07c622bb3705955e1faa94",
                "sha256:f8ba0e8349a38d3001fae7eadded3f6606f0da5d748ee53cc1dab1d6527b9509",
                "sha256:f9081981fe268bd86831e5c75f7de206ef275defcb82bc70740ae6dc507aee51",
                "sha256:fa130dd50c57d53368c9d59395cb5526eda596d3ffe36666cd81a44d56e48872"
            ],
            "markers": "python_version >= '3.6'",
            "version": "==2.0.1"
        },
        "numpy": {
            "hashes": [
                "sha256:1676b0a292dd3c99e49305a16d7a9f42a4ab60ec522eac0d3dd20cdf362ac010",
                "sha256:16f221035e8bd19b9dc9a57159e38d2dd060b48e93e1d843c49cb370b0f415fd",
                "sha256:43909c8bb289c382170e0282158a38cf306a8ad2ff6dfadc447e90f9961bef43",
                "sha256:4e465afc3b96dbc80cf4a5273e5e2b1e3451286361b4af70ce1adb2984d392f9",
                "sha256:55b745fca0a5ab738647d0e4db099bd0a23279c32b31a783ad2ccea729e632df",
                "sha256:5d050e1e4bc9ddb8656d7b4f414557720ddcca23a5b88dd7cff65e847864c400",
                "sha256:637d827248f447e63585ca3f4a7d2dfaa882e094df6cfa177cc9cf9cd6cdf6d2",
                "sha256:6690080810f77485667bfbff4f69d717c3be25e5b11bb2073e76bb3f578d99b4",
                "sha256:66fbc6fed94a13b9801fb70b96ff30605ab0a123e775a5e7a26938b717c5d71a",
                "sha256:67d44acb72c31a97a3d5d33d103ab06d8ac20770e1c5ad81bdb3f0c086a56cf6",
                "sha256:6ca2b85a5997dabc38301a22ee43c82adcb53ff660b89ee88dded6b33687e1d8",
                "sha256:6e51534e78d14b4a009a062641f465cfaba4fdcb046c3ac0b1f61dd97c861b1b",
                "sha256:70eb5808127284c4e5c9e836208e09d685a7978b6a216db85960b1a112eeace8",
                "sha256:830b044f4e64a76ba71448fce6e604c0fc47a0e54d8f6467be23749ac2cbd2fb",
                "sha256:8b7bb4b9280da3b2856cb1fc425932f46fba609819ee1c62256f61799e6a51d2",
                "sha256:a9c65473ebc342715cb2d7926ff1e202c26376c0dcaaee85a1fd4b8d8c1d3b2f",
                "sha256:c1c09247ccea742525bdb5f4b5ceeacb34f95731647fe55774aa36557dbb5fa4",
                "sha256:c5bf0e132acf7557fc9bb8ded8b53bbbbea8892f3c9a1738205878ca9434206a",
                "sha256:db250fd3e90117e0312b611574cd1b3f78bec046783195075cbd7ba9c3d73f16",
                "sha256:e515c9a93aebe27166ec9593411c58494fa98e5fcc219e47260d9ab8a1cc7f9f",
                "sha256:e55185e51b18d788e49fe8305fd73ef4470596b33fc2c1ceb304566b99c71a69",
                "sha256:ea9cff01e75a956dbee133fa8e5b68f2f92175233de2f88de3a682dd94deda65",
                "sha256:f1452578d0516283c87608a5a5548b0cdde15b99650efdfd85182102ef7a7c17",
                "sha256:f39a995e47cb8649673cfa0579fbdd1cdd33ea497d1728a6cb194d6252268e48"
            ],
            "markers": "python_version >= '3.7'",
            "version": "==1.20.3"
        },
        "opencl-rt": {
            "hashes": [
                "sha256:62eb09ae093bd9e95e5786a6d672366a949799ead3ad13775d66f044ea5e7f5d",
                "sha256:ba46ad643cbb56d4f5c0f8fbf8db7e315ffafc2d9baef99017c612627e3f4050"
            ],
            "version": "==2021.2.0"
        },
        "scikit-learn": {
            "hashes": [
                "sha256:038f4e9d6ef10e1f3fe82addc3a14735c299866eb10f2c77c090410904828312",
                "sha256:06ffdcaaf81e2a3b1b50c3ac6842cfb13df2d8b737d61f64643ed61da7389cde",
                "sha256:0e71ce9c7cbc20f6f8b860107ce15114da26e8675238b4b82b7e7cd37ca0c087",
                "sha256:1eec963fe9ffc827442c2e9333227c4d49749a44e592f305398c1db5c1563393",
                "sha256:2754c85b2287333f9719db7f23fb7e357f436deed512db3417a02bf6f2830aa5",
                "sha256:2db429090b98045d71218a9ba913cc9b3fe78e0ba0b6b647d8748bc6d5a44080",
                "sha256:39b7e3b71bcb1fe46397185d6c1a5db1c441e71c23c91a31e7ad8cc3f7305f9a",
                "sha256:3cbd734e1aefc7c5080e6b6973fe062f97c26a1cdf1a991037ca196ce1c8f427",
                "sha256:40556bea1ef26ef54bc678d00cf138a63069144a0b5f3a436eecd8f3468b903e",
                "sha256:48f273836e19901ba2beecd919f7b352f09310ce67c762f6e53bc6b81cacf1f0",
                "sha256:49ec0b1361da328da9bb7f1a162836028e72556356adeb53342f8fae6b450d47",
                "sha256:4e6198675a6f9d333774671bd536668680eea78e2e81c0b19e57224f58d17f37",
                "sha256:5beaeb091071625e83f5905192d8aecde65ba2f26f8b6719845bbf586f7a04a1",
                "sha256:5ff3e4e4cf7592d36541edec434e09fb8ab9ba6b47608c4ffe30c9038d301897",
                "sha256:62214d2954377fcf3f31ec867dd4e436df80121e7a32947a0b3244f58f45e455",
                "sha256:7be1b88c23cfac46e06404582215a917017cd2edaa2e4d40abe6aaff5458f24b",
                "sha256:8fac72b9688176922f9f54fda1ba5f7ffd28cbeb9aad282760186e8ceba9139a",
                "sha256:90a297330f608adeb4d2e9786c6fda395d3150739deb3d42a86d9a4c2d15bc1d",
                "sha256:a2a47449093dcf70babc930beba2ca0423cb7df2fa5fd76be5260703d67fa574",
                "sha256:ae19ac105cf7ce8c205a46166992fdec88081d6e783ab6e38ecfbe45729f3c39",
                "sha256:ae426e3a52842c6b6d77d00f906b6031c8c2cfdfabd6af7511bb4bc9a68d720e",
                "sha256:cbdb0b3db99dd1d5f69d31b4234367d55475add31df4d84a3bd690ef017b55e2",
                "sha256:cdf24c1b9bbeb4936456b42ac5bd32c60bb194a344951acb6bfb0cddee5439a4",
                "sha256:d14701a12417930392cd3898e9646cf5670c190b933625ebe7511b1f7d7b8736",
                "sha256:d177fe1ff47cc235942d628d41ee5b1c6930d8f009f1a451c39b5411e8d0d4cf",
                "sha256:d5bf9c863ba4717b3917b5227463ee06860fc43931dc9026747de416c0a10fee",
                "sha256:dd968a174aa82f3341a615a033fa6a8169e9320cbb46130686562db132d7f1f0",
                "sha256:f0ed4483c258fb23150e31b91ea7d25ff8495dba108aea0b0d4206a777705350",
                "sha256:f18c3ed484eeeaa43a0d45dc2efb4d00fc6542ccdcfa2c45d7b635096a2ae534",
                "sha256:f1d2108e770907540b5248977e4cff9ffaf0f73d0d13445ee938df06ca7579c6",
                "sha256:f3ec00f023d84526381ad0c0f2cff982852d035c921bbf8ceb994f4886c00c64",
                "sha256:f74429a07fedb36a03c159332b914e6de757176064f9fed94b5f79ebac07d913",
                "sha256:fec42690a2eb646b384eafb021c425fab48991587edb412d4db77acc358b27ce"
            ],
            "index": "pypi",
            "version": "==0.24.2"
        },
        "scipy": {
            "hashes": [
                "sha256:01b38dec7e9f897d4db04f8de4e20f0f5be3feac98468188a0f47a991b796055",
                "sha256:10dbcc7de03b8d635a1031cb18fd3eaa997969b64fdf78f99f19ac163a825445",
                "sha256:19aeac1ad3e57338723f4657ac8520f41714804568f2e30bd547d684d72c392e",
                "sha256:1b21c6e0dc97b1762590b70dee0daddb291271be0580384d39f02c480b78290a",
                "sha256:1caade0ede6967cc675e235c41451f9fb89ae34319ddf4740194094ab736b88d",
                "sha256:23995dfcf269ec3735e5a8c80cfceaf384369a47699df111a6246b83a55da582",
                "sha256:2a799714bf1f791fb2650d73222b248d18d53fd40d6af2df2c898db048189606",
                "sha256:3274ce145b5dc416c49c0cf8b6119f787f0965cd35e22058fe1932c09fe15d77",
                "sha256:33d1677d46111cfa1c84b87472a0274dde9ef4a7ef2e1f155f012f5f1e995d8f",
                "sha256:44d452850f77e65e25b1eb1ac01e25770323a782bfe3a1a3e43847ad4266d93d",
                "sha256:9e3302149a369697c6aaea18b430b216e3c88f9a61b62869f6104881e5f9ef85",
                "sha256:a75b014d3294fce26852a9d04ea27b5671d86736beb34acdfc05859246260707",
                "sha256:ad7269254de06743fb4768f658753de47d8b54e4672c5ebe8612a007a088bd48",
                "sha256:b30280fbc1fd8082ac822994a98632111810311a9ece71a0e48f739df3c555a2",
                "sha256:b79104878003487e2b4639a20b9092b02e1bad07fc4cf924b495cf413748a777",
                "sha256:d449d40e830366b4c612692ad19fbebb722b6b847f78a7b701b1e0d6cda3cc13",
                "sha256:d647757373985207af3343301d89fe738d5a294435a4f2aafb04c13b4388c896",
                "sha256:f68eb46b86b2c246af99fcaa6f6e37c7a7a413e1084a794990b877f2ff71f7b6",
                "sha256:fdf606341cd798530b05705c87779606fcdfaf768a8129c348ea94441da15b04"
            ],
            "markers": "python_version < '3.10' and python_version >= '3.7'",
            "version": "==1.6.3"
        },
        "tbb": {
            "hashes": [
                "sha256:4d5e41ad058e4f7d24338f44497a3db01729d54bf6d1505eebd75f07bb852b1b",
                "sha256:77704494c86797460100f6d41fb204921ac0a58767cbab9a6a76b7f0a17d4270",
                "sha256:80569bb1eea86b768c4eb788f6df64757f0af5632a2088e9636dbd5d603158f5",
                "sha256:a6028ed84c5b4c5fb74263bd6bf8bd0d55c0c3b296d2a889898b7fcf7b4acae9",
                "sha256:bf54992d1b5d6135620d5f3f2649bf331e2c412a4af00effd35481a9ecb98ee6"
            ],
            "version": "==2021.2.0"
        },
        "threadpoolctl": {
            "hashes": [
                "sha256:38b74ca20ff3bb42caca8b00055111d74159ee95c4370882bbff2b93d24da725",
                "sha256:ddc57c96a38beb63db45d6c159b5ab07b6bced12c45a1f07b2b92f272aebfa6b"
            ],
            "markers": "python_version >= '3.5'",
            "version": "==2.1.0"
        },
        "werkzeug": {
            "hashes": [
                "sha256:1de1db30d010ff1af14a009224ec49ab2329ad2cde454c8a708130642d579c42",
                "sha256:6c1ec500dcdba0baa27600f6a22f6333d8b662d22027ff9f6202e3367413caa8"
            ],
            "markers": "python_version >= '3.6'",
            "version": "==2.0.1"
        },
        "wheel": {
            "hashes": [
                "sha256:78b5b185f0e5763c26ca1e324373aadd49182ca90e825f7853f4b2509215dc0e",
                "sha256:e11eefd162658ea59a60a0f6c7d493a7190ea4b9a85e335b33489d9f17e0245e"
            ],
            "markers": "python_version >= '2.7' and python_version not in '3.0, 3.1, 3.2, 3.3, 3.4'",
            "version": "==0.36.2"
        }
    },
    "develop": {}
}
